
Microsoft Visual Studio Solution File, Format Version 12.00
# Visual Studio 15
VisualStudioVersion = 15.0.27130.2010
MinimumVisualStudioVersion = 10.0.40219.1
Project("{FAE04EC0-301F-11D3-BF4B-00C04F79EFBC}") = "AutoTimberProject", "AlgorithmProject\AutoTimberProject.csproj", "{66C15A46-F605-449E-8A9F-67A5A1219D68}"
EndProject
Project("{FAE04EC0-301F-11D3-BF4B-00C04F79EFBC}") = "Bim.IO", "Bim.IO\Bim.IO.csproj", "{9ABAE764-1E6E-4124-8D72-96332668D50E}"
EndProject
Project("{FAE04EC0-301F-11D3-BF4B-00C04F79EFBC}") = "Bim.Domain", "Bim.Domain\Bim.Domain.csproj", "{B468FBB6-CC77-40D7-A0E9-32B1F345B448}"
EndProject
Project("{FAE04EC0-301F-11D3-BF4B-00C04F79EFBC}") = "Bim.Common", "Bim.Common\Bim.Common.csproj", "{04C837CF-0F12-45E5-8399-F8A53DDC9586}"
EndProject
Project("{FAE04EC0-301F-11D3-BF4B-00C04F79EFBC}") = "Bim.Application.IRCWood", "IRCWoodWall\Bim.Application.IRCWood.csproj", "{9AEC83FB-AD0F-46CB-8B09-EA2E8073F4C3}"
EndProject
Project("{FAE04EC0-301F-11D3-BF4B-00C04F79EFBC}") = "IRCWoodTest", "IRCWoodTest\IRCWoodTest.csproj", "{29CF04D7-B7AD-49A7-A124-814BEDAD1794}"
EndProject
Project("{FAE04EC0-301F-11D3-BF4B-00C04F79EFBC}") = "AutoTimber.MVC", "Algorithm.MVC\AutoTimber.MVC.csproj", "{911F84F8-8D37-4412-8D52-28F6B5EB9314}"
EndProject
Project("{FAE04EC0-301F-11D3-BF4B-00C04F79EFBC}") = "AutoTimber.MVC.Tests", "Algorithm.MVC.Tests\AutoTimber.MVC.Tests.csproj", "{7019E960-E54D-4AD8-8894-8C0AE9C383C7}"
EndProject
Project("{FAE04EC0-301F-11D3-BF4B-00C04F79EFBC}") = "AutoTimber.DB", "Algorithm.DB\AutoTimber.DB.csproj", "{36B75ECB-2B2A-47F3-91AC-DF26352F7B32}"
EndProject
Project("{FAE04EC0-301F-11D3-BF4B-00C04F79EFBC}") = "Bim.BOQ", "Bim.BOQ\Bim.BOQ.csproj", "{BAA4804C-244E-41A5-A4B9-E04FB207FA23}"
EndProject
Global
	GlobalSection(SolutionConfigurationPlatforms) = preSolution
		Debug|Any CPU = Debug|Any CPU
		Debug|x64 = Debug|x64
		Debug|x86 = Debug|x86
		Release|Any CPU = Release|Any CPU
		Release|x64 = Release|x64
		Release|x86 = Release|x86
	EndGlobalSection
	GlobalSection(ProjectConfigurationPlatforms) = postSolution
		{66C15A46-F605-449E-8A9F-67A5A1219D68}.Debug|Any CPU.ActiveCfg = Debug|Any CPU
		{66C15A46-F605-449E-8A9F-67A5A1219D68}.Debug|Any CPU.Build.0 = Debug|Any CPU
		{66C15A46-F605-449E-8A9F-67A5A1219D68}.Debug|x64.ActiveCfg = Debug|x64
		{66C15A46-F605-449E-8A9F-67A5A1219D68}.Debug|x64.Build.0 = Debug|x64
		{66C15A46-F605-449E-8A9F-67A5A1219D68}.Debug|x86.ActiveCfg = Debug|x86
		{66C15A46-F605-449E-8A9F-67A5A1219D68}.Debug|x86.Build.0 = Debug|x86
		{66C15A46-F605-449E-8A9F-67A5A1219D68}.Release|Any CPU.ActiveCfg = Release|Any CPU
		{66C15A46-F605-449E-8A9F-67A5A1219D68}.Release|Any CPU.Build.0 = Release|Any CPU
		{66C15A46-F605-449E-8A9F-67A5A1219D68}.Release|x64.ActiveCfg = Release|x64
		{66C15A46-F605-449E-8A9F-67A5A1219D68}.Release|x64.Build.0 = Release|x64
		{66C15A46-F605-449E-8A9F-67A5A1219D68}.Release|x86.ActiveCfg = Release|x86
		{66C15A46-F605-449E-8A9F-67A5A1219D68}.Release|x86.Build.0 = Release|x86
		{9ABAE764-1E6E-4124-8D72-96332668D50E}.Debug|Any CPU.ActiveCfg = Debug|Any CPU
		{9ABAE764-1E6E-4124-8D72-96332668D50E}.Debug|Any CPU.Build.0 = Debug|Any CPU
		{9ABAE764-1E6E-4124-8D72-96332668D50E}.Debug|x64.ActiveCfg = Debug|x64
		{9ABAE764-1E6E-4124-8D72-96332668D50E}.Debug|x64.Build.0 = Debug|x64
		{9ABAE764-1E6E-4124-8D72-96332668D50E}.Debug|x86.ActiveCfg = Debug|x86
		{9ABAE764-1E6E-4124-8D72-96332668D50E}.Debug|x86.Build.0 = Debug|x86
		{9ABAE764-1E6E-4124-8D72-96332668D50E}.Release|Any CPU.ActiveCfg = Release|Any CPU
		{9ABAE764-1E6E-4124-8D72-96332668D50E}.Release|Any CPU.Build.0 = Release|Any CPU
		{9ABAE764-1E6E-4124-8D72-96332668D50E}.Release|x64.ActiveCfg = Release|x64
		{9ABAE764-1E6E-4124-8D72-96332668D50E}.Release|x64.Build.0 = Release|x64
		{9ABAE764-1E6E-4124-8D72-96332668D50E}.Release|x86.ActiveCfg = Release|x86
		{9ABAE764-1E6E-4124-8D72-96332668D50E}.Release|x86.Build.0 = Release|x86
		{B468FBB6-CC77-40D7-A0E9-32B1F345B448}.Debug|Any CPU.ActiveCfg = Debug|Any CPU
		{B468FBB6-CC77-40D7-A0E9-32B1F345B448}.Debug|Any CPU.Build.0 = Debug|Any CPU
		{B468FBB6-CC77-40D7-A0E9-32B1F345B448}.Debug|x64.ActiveCfg = Debug|x64
		{B468FBB6-CC77-40D7-A0E9-32B1F345B448}.Debug|x64.Build.0 = Debug|x64
		{B468FBB6-CC77-40D7-A0E9-32B1F345B448}.Debug|x86.ActiveCfg = Debug|x86
		{B468FBB6-CC77-40D7-A0E9-32B1F345B448}.Debug|x86.Build.0 = Debug|x86
		{B468FBB6-CC77-40D7-A0E9-32B1F345B448}.Release|Any CPU.ActiveCfg = Release|Any CPU
		{B468FBB6-CC77-40D7-A0E9-32B1F345B448}.Release|Any CPU.Build.0 = Release|Any CPU
		{B468FBB6-CC77-40D7-A0E9-32B1F345B448}.Release|x64.ActiveCfg = Release|x64
		{B468FBB6-CC77-40D7-A0E9-32B1F345B448}.Release|x64.Build.0 = Release|x64
		{B468FBB6-CC77-40D7-A0E9-32B1F345B448}.Release|x86.ActiveCfg = Release|x86
		{B468FBB6-CC77-40D7-A0E9-32B1F345B448}.Release|x86.Build.0 = Release|x86
		{04C837CF-0F12-45E5-8399-F8A53DDC9586}.Debug|Any CPU.ActiveCfg = Debug|Any CPU
		{04C837CF-0F12-45E5-8399-F8A53DDC9586}.Debug|Any CPU.Build.0 = Debug|Any CPU
		{04C837CF-0F12-45E5-8399-F8A53DDC9586}.Debug|x64.ActiveCfg = Debug|x64
		{04C837CF-0F12-45E5-8399-F8A53DDC9586}.Debug|x64.Build.0 = Debug|x64
		{04C837CF-0F12-45E5-8399-F8A53DDC9586}.Debug|x86.ActiveCfg = Debug|x86
		{04C837CF-0F12-45E5-8399-F8A53DDC9586}.Debug|x86.Build.0 = Debug|x86
		{04C837CF-0F12-45E5-8399-F8A53DDC9586}.Release|Any CPU.ActiveCfg = Release|Any CPU
		{04C837CF-0F12-45E5-8399-F8A53DDC9586}.Release|Any CPU.Build.0 = Release|Any CPU
		{04C837CF-0F12-45E5-8399-F8A53DDC9586}.Release|x64.ActiveCfg = Release|x64
		{04C837CF-0F12-45E5-8399-F8A53DDC9586}.Release|x64.Build.0 = Release|x64
		{04C837CF-0F12-45E5-8399-F8A53DDC9586}.Release|x86.ActiveCfg = Release|x86
		{04C837CF-0F12-45E5-8399-F8A53DDC9586}.Release|x86.Build.0 = Release|x86
		{9AEC83FB-AD0F-46CB-8B09-EA2E8073F4C3}.Debug|Any CPU.ActiveCfg = Debug|Any CPU
		{9AEC83FB-AD0F-46CB-8B09-EA2E8073F4C3}.Debug|Any CPU.Build.0 = Debug|Any CPU
		{9AEC83FB-AD0F-46CB-8B09-EA2E8073F4C3}.Debug|x64.ActiveCfg = Debug|x64
		{9AEC83FB-AD0F-46CB-8B09-EA2E8073F4C3}.Debug|x64.Build.0 = Debug|x64
		{9AEC83FB-AD0F-46CB-8B09-EA2E8073F4C3}.Debug|x86.ActiveCfg = Debug|x86
		{9AEC83FB-AD0F-46CB-8B09-EA2E8073F4C3}.Debug|x86.Build.0 = Debug|x86
		{9AEC83FB-AD0F-46CB-8B09-EA2E8073F4C3}.Release|Any CPU.ActiveCfg = Release|Any CPU
		{9AEC83FB-AD0F-46CB-8B09-EA2E8073F4C3}.Release|Any CPU.Build.0 = Release|Any CPU
		{9AEC83FB-AD0F-46CB-8B09-EA2E8073F4C3}.Release|x64.ActiveCfg = Release|x64
		{9AEC83FB-AD0F-46CB-8B09-EA2E8073F4C3}.Release|x64.Build.0 = Release|x64
		{9AEC83FB-AD0F-46CB-8B09-EA2E8073F4C3}.Release|x86.ActiveCfg = Release|x86
		{9AEC83FB-AD0F-46CB-8B09-EA2E8073F4C3}.Release|x86.Build.0 = Release|x86
		{29CF04D7-B7AD-49A7-A124-814BEDAD1794}.Debug|Any CPU.ActiveCfg = Debug|Any CPU
		{29CF04D7-B7AD-49A7-A124-814BEDAD1794}.Debug|Any CPU.Build.0 = Debug|Any CPU
		{29CF04D7-B7AD-49A7-A124-814BEDAD1794}.Debug|x64.ActiveCfg = Debug|x64
		{29CF04D7-B7AD-49A7-A124-814BEDAD1794}.Debug|x64.Build.0 = Debug|x64
		{29CF04D7-B7AD-49A7-A124-814BEDAD1794}.Debug|x86.ActiveCfg = Debug|x86
		{29CF04D7-B7AD-49A7-A124-814BEDAD1794}.Debug|x86.Build.0 = Debug|x86
		{29CF04D7-B7AD-49A7-A124-814BEDAD1794}.Release|Any CPU.ActiveCfg = Release|Any CPU
		{29CF04D7-B7AD-49A7-A124-814BEDAD1794}.Release|Any CPU.Build.0 = Release|Any CPU
		{29CF04D7-B7AD-49A7-A124-814BEDAD1794}.Release|x64.ActiveCfg = Release|x64
		{29CF04D7-B7AD-49A7-A124-814BEDAD1794}.Release|x64.Build.0 = Release|x64
		{29CF04D7-B7AD-49A7-A124-814BEDAD1794}.Release|x86.ActiveCfg = Release|x86
		{29CF04D7-B7AD-49A7-A124-814BEDAD1794}.Release|x86.Build.0 = Release|x86
		{911F84F8-8D37-4412-8D52-28F6B5EB9314}.Debug|Any CPU.ActiveCfg = Debug|Any CPU
		{911F84F8-8D37-4412-8D52-28F6B5EB9314}.Debug|Any CPU.Build.0 = Debug|Any CPU
		{911F84F8-8D37-4412-8D52-28F6B5EB9314}.Debug|x64.ActiveCfg = Debug|x64
		{911F84F8-8D37-4412-8D52-28F6B5EB9314}.Debug|x64.Build.0 = Debug|x64
		{911F84F8-8D37-4412-8D52-28F6B5EB9314}.Debug|x86.ActiveCfg = Debug|x86
		{911F84F8-8D37-4412-8D52-28F6B5EB9314}.Debug|x86.Build.0 = Debug|x86
		{911F84F8-8D37-4412-8D52-28F6B5EB9314}.Release|Any CPU.ActiveCfg = Release|Any CPU
		{911F84F8-8D37-4412-8D52-28F6B5EB9314}.Release|Any CPU.Build.0 = Release|Any CPU
		{911F84F8-8D37-4412-8D52-28F6B5EB9314}.Release|x64.ActiveCfg = Release|x64
		{911F84F8-8D37-4412-8D52-28F6B5EB9314}.Release|x64.Build.0 = Release|x64
		{911F84F8-8D37-4412-8D52-28F6B5EB9314}.Release|x86.ActiveCfg = Release|x86
		{911F84F8-8D37-4412-8D52-28F6B5EB9314}.Release|x86.Build.0 = Release|x86
		{7019E960-E54D-4AD8-8894-8C0AE9C383C7}.Debug|Any CPU.ActiveCfg = Debug|Any CPU
		{7019E960-E54D-4AD8-8894-8C0AE9C383C7}.Debug|Any CPU.Build.0 = Debug|Any CPU
		{7019E960-E54D-4AD8-8894-8C0AE9C383C7}.Debug|x64.ActiveCfg = Debug|x64
		{7019E960-E54D-4AD8-8894-8C0AE9C383C7}.Debug|x64.Build.0 = Debug|x64
		{7019E960-E54D-4AD8-8894-8C0AE9C383C7}.Debug|x86.ActiveCfg = Debug|x86
		{7019E960-E54D-4AD8-8894-8C0AE9C383C7}.Debug|x86.Build.0 = Debug|x86
		{7019E960-E54D-4AD8-8894-8C0AE9C383C7}.Release|Any CPU.ActiveCfg = Release|Any CPU
		{7019E960-E54D-4AD8-8894-8C0AE9C383C7}.Release|Any CPU.Build.0 = Release|Any CPU
		{7019E960-E54D-4AD8-8894-8C0AE9C383C7}.Release|x64.ActiveCfg = Release|x64
		{7019E960-E54D-4AD8-8894-8C0AE9C383C7}.Release|x64.Build.0 = Release|x64
		{7019E960-E54D-4AD8-8894-8C0AE9C383C7}.Release|x86.ActiveCfg = Release|x86
		{7019E960-E54D-4AD8-8894-8C0AE9C383C7}.Release|x86.Build.0 = Release|x86
		{36B75ECB-2B2A-47F3-91AC-DF26352F7B32}.Debug|Any CPU.ActiveCfg = Debug|Any CPU
		{36B75ECB-2B2A-47F3-91AC-DF26352F7B32}.Debug|Any CPU.Build.0 = Debug|Any CPU
		{36B75ECB-2B2A-47F3-91AC-DF26352F7B32}.Debug|x64.ActiveCfg = Debug|Any CPU
		{36B75ECB-2B2A-47F3-91AC-DF26352F7B32}.Debug|x64.Build.0 = Debug|Any CPU
		{36B75ECB-2B2A-47F3-91AC-DF26352F7B32}.Debug|x86.ActiveCfg = Debug|Any CPU
		{36B75ECB-2B2A-47F3-91AC-DF26352F7B32}.Debug|x86.Build.0 = Debug|Any CPU
		{36B75ECB-2B2A-47F3-91AC-DF26352F7B32}.Release|Any CPU.ActiveCfg = Release|Any CPU
		{36B75ECB-2B2A-47F3-91AC-DF26352F7B32}.Release|Any CPU.Build.0 = Release|Any CPU
		{36B75ECB-2B2A-47F3-91AC-DF26352F7B32}.Release|x64.ActiveCfg = Release|Any CPU
		{36B75ECB-2B2A-47F3-91AC-DF26352F7B32}.Release|x64.Build.0 = Release|Any CPU
		{36B75ECB-2B2A-47F3-91AC-DF26352F7B32}.Release|x86.ActiveCfg = Release|Any CPU
		{36B75ECB-2B2A-47F3-91AC-DF26352F7B32}.Release|x86.Build.0 = Release|Any CPU
		{BAA4804C-244E-41A5-A4B9-E04FB207FA23}.Debug|Any CPU.ActiveCfg = Debug|Any CPU
		{BAA4804C-244E-41A5-A4B9-E04FB207FA23}.Debug|Any CPU.Build.0 = Debug|Any CPU
		{BAA4804C-244E-41A5-A4B9-E04FB207FA23}.Debug|x64.ActiveCfg = Debug|Any CPU
		{BAA4804C-244E-41A5-A4B9-E04FB207FA23}.Debug|x64.Build.0 = Debug|Any CPU
		{BAA4804C-244E-41A5-A4B9-E04FB207FA23}.Debug|x86.ActiveCfg = Debug|Any CPU
		{BAA4804C-244E-41A5-A4B9-E04FB207FA23}.Debug|x86.Build.0 = Debug|Any CPU
		{BAA4804C-244E-41A5-A4B9-E04FB207FA23}.Release|Any CPU.ActiveCfg = Release|Any CPU
		{BAA4804C-244E-41A5-A4B9-E04FB207FA23}.Release|Any CPU.Build.0 = Release|Any CPU
		{BAA4804C-244E-41A5-A4B9-E04FB207FA23}.Release|x64.ActiveCfg = Release|Any CPU
		{BAA4804C-244E-41A5-A4B9-E04FB207FA23}.Release|x64.Build.0 = Release|Any CPU
		{BAA4804C-244E-41A5-A4B9-E04FB207FA23}.Release|x86.ActiveCfg = Release|Any CPU
		{BAA4804C-244E-41A5-A4B9-E04FB207FA23}.Release|x86.Build.0 = Release|Any CPU
	EndGlobalSection
	GlobalSection(SolutionProperties) = preSolution
		HideSolutionNode = FALSE
	EndGlobalSection
	GlobalSection(ExtensibilityGlobals) = postSolution
		SolutionGuid = {2D86FBE8-ECE7-4461-96C7-CFED93D99C57}
	EndGlobalSection
EndGlobal
