
Microsoft Visual Studio Solution File, Format Version 12.00
# Visual Studio 15
VisualStudioVersion = 15.0.27130.2010
MinimumVisualStudioVersion = 10.0.40219.1
Project("{FAE04EC0-301F-11D3-BF4B-00C04F79EFBC}") = "AlgorithmProject", "AlgorithmProject\AlgorithmProject.csproj", "{66C15A46-F605-449E-8A9F-67A5A1219D68}"
EndProject
Project("{FAE04EC0-301F-11D3-BF4B-00C04F79EFBC}") = "Bim.IO", "Bim.IO\Bim.IO.csproj", "{9ABAE764-1E6E-4124-8D72-96332668D50E}"
EndProject
Project("{FAE04EC0-301F-11D3-BF4B-00C04F79EFBC}") = "Bim.Domain", "Bim.Domain\Bim.Domain.csproj", "{B468FBB6-CC77-40D7-A0E9-32B1F345B448}"
EndProject
Project("{2150E333-8FDC-42A3-9474-1A3956D46DE8}") = "Refrences", "Refrences", "{6BE81686-FB55-43D2-9BC4-D42FA6E73117}"
	ProjectSection(SolutionItems) = preProject
		Refrences\Esent.Interop.dll = Refrences\Esent.Interop.dll
		Refrences\ICSharpCode.SharpZipLib.dll = Refrences\ICSharpCode.SharpZipLib.dll
		Refrences\log4net.dll = Refrences\log4net.dll
		Refrences\Xbim.CobieExpress.dll = Refrences\Xbim.CobieExpress.dll
		Refrences\Xbim.Common.dll = Refrences\Xbim.Common.dll
		Refrences\Xbim.Ifc.dll = Refrences\Xbim.Ifc.dll
		Refrences\Xbim.Ifc.Extensions.dll = Refrences\Xbim.Ifc.Extensions.dll
		Refrences\Xbim.Ifc2x3.dll = Refrences\Xbim.Ifc2x3.dll
		Refrences\Xbim.Ifc2x3.IO.dll = Refrences\Xbim.Ifc2x3.IO.dll
		Refrences\Xbim.Ifc4.dll = Refrences\Xbim.Ifc4.dll
		Refrences\Xbim.IO.dll = Refrences\Xbim.IO.dll
		Refrences\Xbim.Tessellator.dll = Refrences\Xbim.Tessellator.dll
	EndProjectSection
EndProject
Project("{FAE04EC0-301F-11D3-BF4B-00C04F79EFBC}") = "Bim.Common", "Bim.Common\Bim.Common.csproj", "{04C837CF-0F12-45E5-8399-F8A53DDC9586}"
EndProject
Project("{FAE04EC0-301F-11D3-BF4B-00C04F79EFBC}") = "Bim.Application.IRCWood", "IRCWoodWall\Bim.Application.IRCWood.csproj", "{9AEC83FB-AD0F-46CB-8B09-EA2E8073F4C3}"
EndProject
Project("{FAE04EC0-301F-11D3-BF4B-00C04F79EFBC}") = "IRCWoodTest", "IRCWoodTest\IRCWoodTest.csproj", "{29CF04D7-B7AD-49A7-A124-814BEDAD1794}"
EndProject
Project("{FAE04EC0-301F-11D3-BF4B-00C04F79EFBC}") = "Algorithm.MVC", "Algorithm.MVC\Algorithm.MVC.csproj", "{911F84F8-8D37-4412-8D52-28F6B5EB9314}"
EndProject
Project("{FAE04EC0-301F-11D3-BF4B-00C04F79EFBC}") = "Algorithm.MVC.Tests", "Algorithm.MVC.Tests\Algorithm.MVC.Tests.csproj", "{7019E960-E54D-4AD8-8894-8C0AE9C383C7}"
EndProject
Project("{FAE04EC0-301F-11D3-BF4B-00C04F79EFBC}") = "Algorithm.DB", "Algorithm.DB\Algorithm.DB.csproj", "{36B75ECB-2B2A-47F3-91AC-DF26352F7B32}"
EndProject
Project("{FAE04EC0-301F-11D3-BF4B-00C04F79EFBC}") = "Bim.BOQ", "Bim.BOQ\Bim.BOQ.csproj", "{91E959B4-6103-483C-8498-A1A0EB89D5B7}"
EndProject
Project("{FAE04EC0-301F-11D3-BF4B-00C04F79EFBC}") = "Bim.BOQ.Test", "Bim.BOQ.Test\Bim.BOQ.Test.csproj", "{B3D9C1FF-B6E8-4463-9BEF-907D38BEC218}"
EndProject
Global
	GlobalSection(SolutionConfigurationPlatforms) = preSolution
		Debug|Any CPU = Debug|Any CPU
		Debug|x64 = Debug|x64
		Debug|x86 = Debug|x86
		Release|Any CPU = Release|Any CPU
		Release|x64 = Release|x64
		Release|x86 = Release|x86
	EndGlobalSection
	GlobalSection(ProjectConfigurationPlatforms) = postSolution
		{66C15A46-F605-449E-8A9F-67A5A1219D68}.Debug|Any CPU.ActiveCfg = Debug|Any CPU
		{66C15A46-F605-449E-8A9F-67A5A1219D68}.Debug|Any CPU.Build.0 = Debug|Any CPU
		{66C15A46-F605-449E-8A9F-67A5A1219D68}.Debug|x64.ActiveCfg = Debug|x64
		{66C15A46-F605-449E-8A9F-67A5A1219D68}.Debug|x64.Build.0 = Debug|x64
		{66C15A46-F605-449E-8A9F-67A5A1219D68}.Debug|x86.ActiveCfg = Debug|x86
		{66C15A46-F605-449E-8A9F-67A5A1219D68}.Debug|x86.Build.0 = Debug|x86
		{66C15A46-F605-449E-8A9F-67A5A1219D68}.Release|Any CPU.ActiveCfg = Release|Any CPU
		{66C15A46-F605-449E-8A9F-67A5A1219D68}.Release|Any CPU.Build.0 = Release|Any CPU
		{66C15A46-F605-449E-8A9F-67A5A1219D68}.Release|x64.ActiveCfg = Release|x64
		{66C15A46-F605-449E-8A9F-67A5A1219D68}.Release|x64.Build.0 = Release|x64
		{66C15A46-F605-449E-8A9F-67A5A1219D68}.Release|x86.ActiveCfg = Release|x86
		{66C15A46-F605-449E-8A9F-67A5A1219D68}.Release|x86.Build.0 = Release|x86
		{9ABAE764-1E6E-4124-8D72-96332668D50E}.Debug|Any CPU.ActiveCfg = Debug|Any CPU
		{9ABAE764-1E6E-4124-8D72-96332668D50E}.Debug|Any CPU.Build.0 = Debug|Any CPU
		{9ABAE764-1E6E-4124-8D72-96332668D50E}.Debug|x64.ActiveCfg = Debug|x64
		{9ABAE764-1E6E-4124-8D72-96332668D50E}.Debug|x64.Build.0 = Debug|x64
		{9ABAE764-1E6E-4124-8D72-96332668D50E}.Debug|x86.ActiveCfg = Debug|x86
		{9ABAE764-1E6E-4124-8D72-96332668D50E}.Debug|x86.Build.0 = Debug|x86
		{9ABAE764-1E6E-4124-8D72-96332668D50E}.Release|Any CPU.ActiveCfg = Release|Any CPU
		{9ABAE764-1E6E-4124-8D72-96332668D50E}.Release|Any CPU.Build.0 = Release|Any CPU
		{9ABAE764-1E6E-4124-8D72-96332668D50E}.Release|x64.ActiveCfg = Release|x64
		{9ABAE764-1E6E-4124-8D72-96332668D50E}.Release|x64.Build.0 = Release|x64
		{9ABAE764-1E6E-4124-8D72-96332668D50E}.Release|x86.ActiveCfg = Release|x86
		{9ABAE764-1E6E-4124-8D72-96332668D50E}.Release|x86.Build.0 = Release|x86
		{B468FBB6-CC77-40D7-A0E9-32B1F345B448}.Debug|Any CPU.ActiveCfg = Debug|Any CPU
		{B468FBB6-CC77-40D7-A0E9-32B1F345B448}.Debug|Any CPU.Build.0 = Debug|Any CPU
		{B468FBB6-CC77-40D7-A0E9-32B1F345B448}.Debug|x64.ActiveCfg = Debug|x64
		{B468FBB6-CC77-40D7-A0E9-32B1F345B448}.Debug|x64.Build.0 = Debug|x64
		{B468FBB6-CC77-40D7-A0E9-32B1F345B448}.Debug|x86.ActiveCfg = Debug|x86
		{B468FBB6-CC77-40D7-A0E9-32B1F345B448}.Debug|x86.Build.0 = Debug|x86
		{B468FBB6-CC77-40D7-A0E9-32B1F345B448}.Release|Any CPU.ActiveCfg = Release|Any CPU
		{B468FBB6-CC77-40D7-A0E9-32B1F345B448}.Release|Any CPU.Build.0 = Release|Any CPU
		{B468FBB6-CC77-40D7-A0E9-32B1F345B448}.Release|x64.ActiveCfg = Release|x64
		{B468FBB6-CC77-40D7-A0E9-32B1F345B448}.Release|x64.Build.0 = Release|x64
		{B468FBB6-CC77-40D7-A0E9-32B1F345B448}.Release|x86.ActiveCfg = Release|x86
		{B468FBB6-CC77-40D7-A0E9-32B1F345B448}.Release|x86.Build.0 = Release|x86
		{04C837CF-0F12-45E5-8399-F8A53DDC9586}.Debug|Any CPU.ActiveCfg = Debug|Any CPU
		{04C837CF-0F12-45E5-8399-F8A53DDC9586}.Debug|Any CPU.Build.0 = Debug|Any CPU
		{04C837CF-0F12-45E5-8399-F8A53DDC9586}.Debug|x64.ActiveCfg = Debug|x64
		{04C837CF-0F12-45E5-8399-F8A53DDC9586}.Debug|x64.Build.0 = Debug|x64
		{04C837CF-0F12-45E5-8399-F8A53DDC9586}.Debug|x86.ActiveCfg = Debug|x86
		{04C837CF-0F12-45E5-8399-F8A53DDC9586}.Debug|x86.Build.0 = Debug|x86
		{04C837CF-0F12-45E5-8399-F8A53DDC9586}.Release|Any CPU.ActiveCfg = Release|Any CPU
		{04C837CF-0F12-45E5-8399-F8A53DDC9586}.Release|Any CPU.Build.0 = Release|Any CPU
		{04C837CF-0F12-45E5-8399-F8A53DDC9586}.Release|x64.ActiveCfg = Release|x64
		{04C837CF-0F12-45E5-8399-F8A53DDC9586}.Release|x64.Build.0 = Release|x64
		{04C837CF-0F12-45E5-8399-F8A53DDC9586}.Release|x86.ActiveCfg = Release|x86
		{04C837CF-0F12-45E5-8399-F8A53DDC9586}.Release|x86.Build.0 = Release|x86
		{9AEC83FB-AD0F-46CB-8B09-EA2E8073F4C3}.Debug|Any CPU.ActiveCfg = Debug|Any CPU
		{9AEC83FB-AD0F-46CB-8B09-EA2E8073F4C3}.Debug|Any CPU.Build.0 = Debug|Any CPU
		{9AEC83FB-AD0F-46CB-8B09-EA2E8073F4C3}.Debug|x64.ActiveCfg = Debug|x64
		{9AEC83FB-AD0F-46CB-8B09-EA2E8073F4C3}.Debug|x64.Build.0 = Debug|x64
		{9AEC83FB-AD0F-46CB-8B09-EA2E8073F4C3}.Debug|x86.ActiveCfg = Debug|x86
		{9AEC83FB-AD0F-46CB-8B09-EA2E8073F4C3}.Debug|x86.Build.0 = Debug|x86
		{9AEC83FB-AD0F-46CB-8B09-EA2E8073F4C3}.Release|Any CPU.ActiveCfg = Release|Any CPU
		{9AEC83FB-AD0F-46CB-8B09-EA2E8073F4C3}.Release|Any CPU.Build.0 = Release|Any CPU
		{9AEC83FB-AD0F-46CB-8B09-EA2E8073F4C3}.Release|x64.ActiveCfg = Release|x64
		{9AEC83FB-AD0F-46CB-8B09-EA2E8073F4C3}.Release|x64.Build.0 = Release|x64
		{9AEC83FB-AD0F-46CB-8B09-EA2E8073F4C3}.Release|x86.ActiveCfg = Release|x86
		{9AEC83FB-AD0F-46CB-8B09-EA2E8073F4C3}.Release|x86.Build.0 = Release|x86
		{29CF04D7-B7AD-49A7-A124-814BEDAD1794}.Debug|Any CPU.ActiveCfg = Debug|Any CPU
		{29CF04D7-B7AD-49A7-A124-814BEDAD1794}.Debug|Any CPU.Build.0 = Debug|Any CPU
		{29CF04D7-B7AD-49A7-A124-814BEDAD1794}.Debug|x64.ActiveCfg = Debug|x64
		{29CF04D7-B7AD-49A7-A124-814BEDAD1794}.Debug|x64.Build.0 = Debug|x64
		{29CF04D7-B7AD-49A7-A124-814BEDAD1794}.Debug|x86.ActiveCfg = Debug|x86
		{29CF04D7-B7AD-49A7-A124-814BEDAD1794}.Debug|x86.Build.0 = Debug|x86
		{29CF04D7-B7AD-49A7-A124-814BEDAD1794}.Release|Any CPU.ActiveCfg = Release|Any CPU
		{29CF04D7-B7AD-49A7-A124-814BEDAD1794}.Release|Any CPU.Build.0 = Release|Any CPU
		{29CF04D7-B7AD-49A7-A124-814BEDAD1794}.Release|x64.ActiveCfg = Release|x64
		{29CF04D7-B7AD-49A7-A124-814BEDAD1794}.Release|x64.Build.0 = Release|x64
		{29CF04D7-B7AD-49A7-A124-814BEDAD1794}.Release|x86.ActiveCfg = Release|x86
		{29CF04D7-B7AD-49A7-A124-814BEDAD1794}.Release|x86.Build.0 = Release|x86
		{911F84F8-8D37-4412-8D52-28F6B5EB9314}.Debug|Any CPU.ActiveCfg = Debug|Any CPU
		{911F84F8-8D37-4412-8D52-28F6B5EB9314}.Debug|Any CPU.Build.0 = Debug|Any CPU
		{911F84F8-8D37-4412-8D52-28F6B5EB9314}.Debug|x64.ActiveCfg = Debug|x64
		{911F84F8-8D37-4412-8D52-28F6B5EB9314}.Debug|x64.Build.0 = Debug|x64
		{911F84F8-8D37-4412-8D52-28F6B5EB9314}.Debug|x86.ActiveCfg = Debug|x86
		{911F84F8-8D37-4412-8D52-28F6B5EB9314}.Debug|x86.Build.0 = Debug|x86
		{911F84F8-8D37-4412-8D52-28F6B5EB9314}.Release|Any CPU.ActiveCfg = Release|Any CPU
		{911F84F8-8D37-4412-8D52-28F6B5EB9314}.Release|Any CPU.Build.0 = Release|Any CPU
		{911F84F8-8D37-4412-8D52-28F6B5EB9314}.Release|x64.ActiveCfg = Release|x64
		{911F84F8-8D37-4412-8D52-28F6B5EB9314}.Release|x64.Build.0 = Release|x64
		{911F84F8-8D37-4412-8D52-28F6B5EB9314}.Release|x86.ActiveCfg = Release|x86
		{911F84F8-8D37-4412-8D52-28F6B5EB9314}.Release|x86.Build.0 = Release|x86
		{7019E960-E54D-4AD8-8894-8C0AE9C383C7}.Debug|Any CPU.ActiveCfg = Debug|Any CPU
		{7019E960-E54D-4AD8-8894-8C0AE9C383C7}.Debug|Any CPU.Build.0 = Debug|Any CPU
		{7019E960-E54D-4AD8-8894-8C0AE9C383C7}.Debug|x64.ActiveCfg = Debug|x64
		{7019E960-E54D-4AD8-8894-8C0AE9C383C7}.Debug|x64.Build.0 = Debug|x64
		{7019E960-E54D-4AD8-8894-8C0AE9C383C7}.Debug|x86.ActiveCfg = Debug|x86
		{7019E960-E54D-4AD8-8894-8C0AE9C383C7}.Debug|x86.Build.0 = Debug|x86
		{7019E960-E54D-4AD8-8894-8C0AE9C383C7}.Release|Any CPU.ActiveCfg = Release|Any CPU
		{7019E960-E54D-4AD8-8894-8C0AE9C383C7}.Release|Any CPU.Build.0 = Release|Any CPU
		{7019E960-E54D-4AD8-8894-8C0AE9C383C7}.Release|x64.ActiveCfg = Release|x64
		{7019E960-E54D-4AD8-8894-8C0AE9C383C7}.Release|x64.Build.0 = Release|x64
		{7019E960-E54D-4AD8-8894-8C0AE9C383C7}.Release|x86.ActiveCfg = Release|x86
		{7019E960-E54D-4AD8-8894-8C0AE9C383C7}.Release|x86.Build.0 = Release|x86
		{36B75ECB-2B2A-47F3-91AC-DF26352F7B32}.Debug|Any CPU.ActiveCfg = Debug|Any CPU
		{36B75ECB-2B2A-47F3-91AC-DF26352F7B32}.Debug|Any CPU.Build.0 = Debug|Any CPU
		{36B75ECB-2B2A-47F3-91AC-DF26352F7B32}.Debug|x64.ActiveCfg = Debug|Any CPU
		{36B75ECB-2B2A-47F3-91AC-DF26352F7B32}.Debug|x64.Build.0 = Debug|Any CPU
		{36B75ECB-2B2A-47F3-91AC-DF26352F7B32}.Debug|x86.ActiveCfg = Debug|Any CPU
		{36B75ECB-2B2A-47F3-91AC-DF26352F7B32}.Debug|x86.Build.0 = Debug|Any CPU
		{36B75ECB-2B2A-47F3-91AC-DF26352F7B32}.Release|Any CPU.ActiveCfg = Release|Any CPU
		{36B75ECB-2B2A-47F3-91AC-DF26352F7B32}.Release|Any CPU.Build.0 = Release|Any CPU
		{36B75ECB-2B2A-47F3-91AC-DF26352F7B32}.Release|x64.ActiveCfg = Release|Any CPU
		{36B75ECB-2B2A-47F3-91AC-DF26352F7B32}.Release|x64.Build.0 = Release|Any CPU
		{36B75ECB-2B2A-47F3-91AC-DF26352F7B32}.Release|x86.ActiveCfg = Release|Any CPU
		{36B75ECB-2B2A-47F3-91AC-DF26352F7B32}.Release|x86.Build.0 = Release|Any CPU
		{91E959B4-6103-483C-8498-A1A0EB89D5B7}.Debug|Any CPU.ActiveCfg = Debug|Any CPU
		{91E959B4-6103-483C-8498-A1A0EB89D5B7}.Debug|Any CPU.Build.0 = Debug|Any CPU
		{91E959B4-6103-483C-8498-A1A0EB89D5B7}.Debug|x64.ActiveCfg = Debug|Any CPU
		{91E959B4-6103-483C-8498-A1A0EB89D5B7}.Debug|x64.Build.0 = Debug|Any CPU
		{91E959B4-6103-483C-8498-A1A0EB89D5B7}.Debug|x86.ActiveCfg = Debug|Any CPU
		{91E959B4-6103-483C-8498-A1A0EB89D5B7}.Debug|x86.Build.0 = Debug|Any CPU
		{91E959B4-6103-483C-8498-A1A0EB89D5B7}.Release|Any CPU.ActiveCfg = Release|Any CPU
		{91E959B4-6103-483C-8498-A1A0EB89D5B7}.Release|Any CPU.Build.0 = Release|Any CPU
		{91E959B4-6103-483C-8498-A1A0EB89D5B7}.Release|x64.ActiveCfg = Release|Any CPU
		{91E959B4-6103-483C-8498-A1A0EB89D5B7}.Release|x64.Build.0 = Release|Any CPU
		{91E959B4-6103-483C-8498-A1A0EB89D5B7}.Release|x86.ActiveCfg = Release|Any CPU
		{91E959B4-6103-483C-8498-A1A0EB89D5B7}.Release|x86.Build.0 = Release|Any CPU
		{B3D9C1FF-B6E8-4463-9BEF-907D38BEC218}.Debug|Any CPU.ActiveCfg = Debug|Any CPU
		{B3D9C1FF-B6E8-4463-9BEF-907D38BEC218}.Debug|Any CPU.Build.0 = Debug|Any CPU
		{B3D9C1FF-B6E8-4463-9BEF-907D38BEC218}.Debug|x64.ActiveCfg = Debug|Any CPU
		{B3D9C1FF-B6E8-4463-9BEF-907D38BEC218}.Debug|x64.Build.0 = Debug|Any CPU
		{B3D9C1FF-B6E8-4463-9BEF-907D38BEC218}.Debug|x86.ActiveCfg = Debug|Any CPU
		{B3D9C1FF-B6E8-4463-9BEF-907D38BEC218}.Debug|x86.Build.0 = Debug|Any CPU
		{B3D9C1FF-B6E8-4463-9BEF-907D38BEC218}.Release|Any CPU.ActiveCfg = Release|Any CPU
		{B3D9C1FF-B6E8-4463-9BEF-907D38BEC218}.Release|Any CPU.Build.0 = Release|Any CPU
		{B3D9C1FF-B6E8-4463-9BEF-907D38BEC218}.Release|x64.ActiveCfg = Release|Any CPU
		{B3D9C1FF-B6E8-4463-9BEF-907D38BEC218}.Release|x64.Build.0 = Release|Any CPU
		{B3D9C1FF-B6E8-4463-9BEF-907D38BEC218}.Release|x86.ActiveCfg = Release|Any CPU
		{B3D9C1FF-B6E8-4463-9BEF-907D38BEC218}.Release|x86.Build.0 = Release|Any CPU
	EndGlobalSection
	GlobalSection(SolutionProperties) = preSolution
		HideSolutionNode = FALSE
	EndGlobalSection
	GlobalSection(ExtensibilityGlobals) = postSolution
		SolutionGuid = {2D86FBE8-ECE7-4461-96C7-CFED93D99C57}
	EndGlobalSection
EndGlobal
